
Microsoft Visual Studio Solution File, Format Version 12.00
# Visual Studio Version 17
VisualStudioVersion = 17.0.31903.59
MinimumVisualStudioVersion = 10.0.40219.1
Project("{2150E333-8FDC-42A3-9474-1A3956D46DE8}") = "src", "src", "{827E0CD3-B72D-47B6-A68D-7590B98EB39B}"
EndProject
Project("{FAE04EC0-301F-11D3-BF4B-00C04F79EFBC}") = "Nuventra.NuvexaMQ.Engine", "src\Nuventra.NuvexaMQ.Engine\Nuventra.NuvexaMQ.Engine.csproj", "{FDDA5101-DE9F-424E-BF17-9C2B9FDB84E6}"
EndProject
Project("{FAE04EC0-301F-11D3-BF4B-00C04F79EFBC}") = "Nuventra.NuvexaMQ.Protocol", "src\Nuventra.NuvexaMQ.Protocol\Nuventra.NuvexaMQ.Protocol.csproj", "{36E4FE83-79B4-4FBF-AF2C-5F7453AB7192}"
EndProject
Project("{FAE04EC0-301F-11D3-BF4B-00C04F79EFBC}") = "Nuventra.NuvexaMQ.Client", "src\Nuventra.NuvexaMQ.Client\Nuventra.NuvexaMQ.Client.csproj", "{BDF16272-7ABD-496D-AB2A-D9D8C1B32231}"
EndProject
Project("{FAE04EC0-301F-11D3-BF4B-00C04F79EFBC}") = "Nuventra.NuvexaMQ.Server", "src\Nuventra.NuvexaMQ.Server\Nuventra.NuvexaMQ.Server.csproj", "{F1B6BE55-E40D-42CC-A4A9-86523DAFB16D}"
EndProject
Project("{2150E333-8FDC-42A3-9474-1A3956D46DE8}") = "tests", "tests", "{0AB3BF05-4346-4AA6-1389-037BE0695223}"
EndProject
Project("{FAE04EC0-301F-11D3-BF4B-00C04F79EFBC}") = "Nuventra.NuvexaMQ.Tests", "tests\Nuventra.NuvexaMQ.Tests\Nuventra.NuvexaMQ.Tests.csproj", "{A762CE51-DB28-42B1-BF72-46FFD6F27CF5}"
EndProject
Project("{FAE04EC0-301F-11D3-BF4B-00C04F79EFBC}") = "Nuventra.NuvexaMQ.Desktop", "src\Nuventra.NuvexaMQ.Desktop\Nuventra.NuvexaMQ.Desktop.csproj", "{F04E3319-7268-403C-AA85-4057AAF446B4}"
EndProject
Global
	GlobalSection(SolutionConfigurationPlatforms) = preSolution
		Debug|Any CPU = Debug|Any CPU
		Debug|x64 = Debug|x64
		Debug|x86 = Debug|x86
		Release|Any CPU = Release|Any CPU
		Release|x64 = Release|x64
		Release|x86 = Release|x86
	EndGlobalSection
	GlobalSection(ProjectConfigurationPlatforms) = postSolution
		{FDDA5101-DE9F-424E-BF17-9C2B9FDB84E6}.Debug|Any CPU.ActiveCfg = Debug|Any CPU
		{FDDA5101-DE9F-424E-BF17-9C2B9FDB84E6}.Debug|Any CPU.Build.0 = Debug|Any CPU
		{FDDA5101-DE9F-424E-BF17-9C2B9FDB84E6}.Debug|x64.ActiveCfg = Debug|Any CPU
		{FDDA5101-DE9F-424E-BF17-9C2B9FDB84E6}.Debug|x64.Build.0 = Debug|Any CPU
		{FDDA5101-DE9F-424E-BF17-9C2B9FDB84E6}.Debug|x86.ActiveCfg = Debug|Any CPU
		{FDDA5101-DE9F-424E-BF17-9C2B9FDB84E6}.Debug|x86.Build.0 = Debug|Any CPU
		{FDDA5101-DE9F-424E-BF17-9C2B9FDB84E6}.Release|Any CPU.ActiveCfg = Release|Any CPU
		{FDDA5101-DE9F-424E-BF17-9C2B9FDB84E6}.Release|Any CPU.Build.0 = Release|Any CPU
		{FDDA5101-DE9F-424E-BF17-9C2B9FDB84E6}.Release|x64.ActiveCfg = Release|Any CPU
		{FDDA5101-DE9F-424E-BF17-9C2B9FDB84E6}.Release|x64.Build.0 = Release|Any CPU
		{FDDA5101-DE9F-424E-BF17-9C2B9FDB84E6}.Release|x86.ActiveCfg = Release|Any CPU
		{FDDA5101-DE9F-424E-BF17-9C2B9FDB84E6}.Release|x86.Build.0 = Release|Any CPU
		{36E4FE83-79B4-4FBF-AF2C-5F7453AB7192}.Debug|Any CPU.ActiveCfg = Debug|Any CPU
		{36E4FE83-79B4-4FBF-AF2C-5F7453AB7192}.Debug|Any CPU.Build.0 = Debug|Any CPU
		{36E4FE83-79B4-4FBF-AF2C-5F7453AB7192}.Debug|x64.ActiveCfg = Debug|Any CPU
		{36E4FE83-79B4-4FBF-AF2C-5F7453AB7192}.Debug|x64.Build.0 = Debug|Any CPU
		{36E4FE83-79B4-4FBF-AF2C-5F7453AB7192}.Debug|x86.ActiveCfg = Debug|Any CPU
		{36E4FE83-79B4-4FBF-AF2C-5F7453AB7192}.Debug|x86.Build.0 = Debug|Any CPU
		{36E4FE83-79B4-4FBF-AF2C-5F7453AB7192}.Release|Any CPU.ActiveCfg = Release|Any CPU
		{36E4FE83-79B4-4FBF-AF2C-5F7453AB7192}.Release|Any CPU.Build.0 = Release|Any CPU
		{36E4FE83-79B4-4FBF-AF2C-5F7453AB7192}.Release|x64.ActiveCfg = Release|Any CPU
		{36E4FE83-79B4-4FBF-AF2C-5F7453AB7192}.Release|x64.Build.0 = Release|Any CPU
		{36E4FE83-79B4-4FBF-AF2C-5F7453AB7192}.Release|x86.ActiveCfg = Release|Any CPU
		{36E4FE83-79B4-4FBF-AF2C-5F7453AB7192}.Release|x86.Build.0 = Release|Any CPU
		{BDF16272-7ABD-496D-AB2A-D9D8C1B32231}.Debug|Any CPU.ActiveCfg = Debug|Any CPU
		{BDF16272-7ABD-496D-AB2A-D9D8C1B32231}.Debug|Any CPU.Build.0 = Debug|Any CPU
		{BDF16272-7ABD-496D-AB2A-D9D8C1B32231}.Debug|x64.ActiveCfg = Debug|Any CPU
		{BDF16272-7ABD-496D-AB2A-D9D8C1B32231}.Debug|x64.Build.0 = Debug|Any CPU
		{BDF16272-7ABD-496D-AB2A-D9D8C1B32231}.Debug|x86.ActiveCfg = Debug|Any CPU
		{BDF16272-7ABD-496D-AB2A-D9D8C1B32231}.Debug|x86.Build.0 = Debug|Any CPU
		{BDF16272-7ABD-496D-AB2A-D9D8C1B32231}.Release|Any CPU.ActiveCfg = Release|Any CPU
		{BDF16272-7ABD-496D-AB2A-D9D8C1B32231}.Release|Any CPU.Build.0 = Release|Any CPU
		{BDF16272-7ABD-496D-AB2A-D9D8C1B32231}.Release|x64.ActiveCfg = Release|Any CPU
		{BDF16272-7ABD-496D-AB2A-D9D8C1B32231}.Release|x64.Build.0 = Release|Any CPU
		{BDF16272-7ABD-496D-AB2A-D9D8C1B32231}.Release|x86.ActiveCfg = Release|Any CPU
		{BDF16272-7ABD-496D-AB2A-D9D8C1B32231}.Release|x86.Build.0 = Release|Any CPU
		{F1B6BE55-E40D-42CC-A4A9-86523DAFB16D}.Debug|Any CPU.ActiveCfg = Debug|Any CPU
		{F1B6BE55-E40D-42CC-A4A9-86523DAFB16D}.Debug|Any CPU.Build.0 = Debug|Any CPU
		{F1B6BE55-E40D-42CC-A4A9-86523DAFB16D}.Debug|x64.ActiveCfg = Debug|Any CPU
		{F1B6BE55-E40D-42CC-A4A9-86523DAFB16D}.Debug|x64.Build.0 = Debug|Any CPU
		{F1B6BE55-E40D-42CC-A4A9-86523DAFB16D}.Debug|x86.ActiveCfg = Debug|Any CPU
		{F1B6BE55-E40D-42CC-A4A9-86523DAFB16D}.Debug|x86.Build.0 = Debug|Any CPU
		{F1B6BE55-E40D-42CC-A4A9-86523DAFB16D}.Release|Any CPU.ActiveCfg = Release|Any CPU
		{F1B6BE55-E40D-42CC-A4A9-86523DAFB16D}.Release|Any CPU.Build.0 = Release|Any CPU
		{F1B6BE55-E40D-42CC-A4A9-86523DAFB16D}.Release|x64.ActiveCfg = Release|Any CPU
		{F1B6BE55-E40D-42CC-A4A9-86523DAFB16D}.Release|x64.Build.0 = Release|Any CPU
		{F1B6BE55-E40D-42CC-A4A9-86523DAFB16D}.Release|x86.ActiveCfg = Release|Any CPU
		{F1B6BE55-E40D-42CC-A4A9-86523DAFB16D}.Release|x86.Build.0 = Release|Any CPU
		{A762CE51-DB28-42B1-BF72-46FFD6F27CF5}.Debug|Any CPU.ActiveCfg = Debug|Any CPU
		{A762CE51-DB28-42B1-BF72-46FFD6F27CF5}.Debug|Any CPU.Build.0 = Debug|Any CPU
		{A762CE51-DB28-42B1-BF72-46FFD6F27CF5}.Debug|x64.ActiveCfg = Debug|Any CPU
		{A762CE51-DB28-42B1-BF72-46FFD6F27CF5}.Debug|x64.Build.0 = Debug|Any CPU
		{A762CE51-DB28-42B1-BF72-46FFD6F27CF5}.Debug|x86.ActiveCfg = Debug|Any CPU
		{A762CE51-DB28-42B1-BF72-46FFD6F27CF5}.Debug|x86.Build.0 = Debug|Any CPU
		{A762CE51-DB28-42B1-BF72-46FFD6F27CF5}.Release|Any CPU.ActiveCfg = Release|Any CPU
		{A762CE51-DB28-42B1-BF72-46FFD6F27CF5}.Release|Any CPU.Build.0 = Release|Any CPU
		{A762CE51-DB28-42B1-BF72-46FFD6F27CF5}.Release|x64.ActiveCfg = Release|Any CPU
		{A762CE51-DB28-42B1-BF72-46FFD6F27CF5}.Release|x64.Build.0 = Release|Any CPU
		{A762CE51-DB28-42B1-BF72-46FFD6F27CF5}.Release|x86.ActiveCfg = Release|Any CPU
		{A762CE51-DB28-42B1-BF72-46FFD6F27CF5}.Release|x86.Build.0 = Release|Any CPU
		{F04E3319-7268-403C-AA85-4057AAF446B4}.Debug|Any CPU.ActiveCfg = Debug|Any CPU
		{F04E3319-7268-403C-AA85-4057AAF446B4}.Debug|Any CPU.Build.0 = Debug|Any CPU
		{F04E3319-7268-403C-AA85-4057AAF446B4}.Debug|x64.ActiveCfg = Debug|Any CPU
		{F04E3319-7268-403C-AA85-4057AAF446B4}.Debug|x64.Build.0 = Debug|Any CPU
		{F04E3319-7268-403C-AA85-4057AAF446B4}.Debug|x86.ActiveCfg = Debug|Any CPU
		{F04E3319-7268-403C-AA85-4057AAF446B4}.Debug|x86.Build.0 = Debug|Any CPU
		{F04E3319-7268-403C-AA85-4057AAF446B4}.Release|Any CPU.ActiveCfg = Release|Any CPU
		{F04E3319-7268-403C-AA85-4057AAF446B4}.Release|Any CPU.Build.0 = Release|Any CPU
		{F04E3319-7268-403C-AA85-4057AAF446B4}.Release|x64.ActiveCfg = Release|Any CPU
		{F04E3319-7268-403C-AA85-4057AAF446B4}.Release|x64.Build.0 = Release|Any CPU
		{F04E3319-7268-403C-AA85-4057AAF446B4}.Release|x86.ActiveCfg = Release|Any CPU
		{F04E3319-7268-403C-AA85-4057AAF446B4}.Release|x86.Build.0 = Release|Any CPU
	EndGlobalSection
	GlobalSection(SolutionProperties) = preSolution
		HideSolutionNode = FALSE
	EndGlobalSection
	GlobalSection(NestedProjects) = preSolution
		{FDDA5101-DE9F-424E-BF17-9C2B9FDB84E6} = {827E0CD3-B72D-47B6-A68D-7590B98EB39B}
		{36E4FE83-79B4-4FBF-AF2C-5F7453AB7192} = {827E0CD3-B72D-47B6-A68D-7590B98EB39B}
		{BDF16272-7ABD-496D-AB2A-D9D8C1B32231} = {827E0CD3-B72D-47B6-A68D-7590B98EB39B}
		{F1B6BE55-E40D-42CC-A4A9-86523DAFB16D} = {827E0CD3-B72D-47B6-A68D-7590B98EB39B}
		{A762CE51-DB28-42B1-BF72-46FFD6F27CF5} = {0AB3BF05-4346-4AA6-1389-037BE0695223}
		{F04E3319-7268-403C-AA85-4057AAF446B4} = {827E0CD3-B72D-47B6-A68D-7590B98EB39B}
	EndGlobalSection
EndGlobal
